
Microsoft Visual Studio Solution File, Format Version 12.00
# Visual Studio Version 17
VisualStudioVersion = 17.4.33403.182
MinimumVisualStudioVersion = 10.0.40219.1
Project("{9A19103F-16F7-4668-BE54-9A1E7A4F7556}") = "WriteSeparateFromEfCore", "WriteSeparateFromEfCore\WriteSeparateFromEfCore.csproj", "{D3C109FF-9F0E-4B3C-BD3F-3BD7226EF0A1}"
EndProject
Project("{2150E333-8FDC-42A3-9474-1A3956D46DE8}") = "Solution Items", "Solution Items", "{0F5965AA-5640-493E-964A-72AB1F1D9FA9}"
	ProjectSection(SolutionItems) = preProject
		readme.md = readme.md
	EndProjectSection
EndProject
Global
	GlobalSection(SolutionConfigurationPlatforms) = preSolution
		Debug|Any CPU = Debug|Any CPU
		Release|Any CPU = Release|Any CPU
	EndGlobalSection
	GlobalSection(ProjectConfigurationPlatforms) = postSolution
		{D3C109FF-9F0E-4B3C-BD3F-3BD7226EF0A1}.Debug|Any CPU.ActiveCfg = Debug|Any CPU
		{D3C109FF-9F0E-4B3C-BD3F-3BD7226EF0A1}.Debug|Any CPU.Build.0 = Debug|Any CPU
		{D3C109FF-9F0E-4B3C-BD3F-3BD7226EF0A1}.Release|Any CPU.ActiveCfg = Release|Any CPU
		{D3C109FF-9F0E-4B3C-BD3F-3BD7226EF0A1}.Release|Any CPU.Build.0 = Release|Any CPU
	EndGlobalSection
	GlobalSection(SolutionProperties) = preSolution
		HideSolutionNode = FALSE
	EndGlobalSection
	GlobalSection(ExtensibilityGlobals) = postSolution
		SolutionGuid = {EE479BD8-F12F-47CC-AAFF-241013CD277D}
	EndGlobalSection
EndGlobal
